
Microsoft Visual Studio Solution File, Format Version 12.00
# Visual Studio Version 17
VisualStudioVersion = 17.5.33516.290
MinimumVisualStudioVersion = 10.0.40219.1
Project("{FAE04EC0-301F-11D3-BF4B-00C04F79EFBC}") = "Webform_task1", "Webform_task1\Webform_task1.csproj", "{8528B9F2-0D90-40DF-BC14-71810793EAD3}"
EndProject
Global
	GlobalSection(SolutionConfigurationPlatforms) = preSolution
		Debug|Any CPU = Debug|Any CPU
		Release|Any CPU = Release|Any CPU
	EndGlobalSection
	GlobalSection(ProjectConfigurationPlatforms) = postSolution
		{8528B9F2-0D90-40DF-BC14-71810793EAD3}.Debug|Any CPU.ActiveCfg = Debug|Any CPU
		{8528B9F2-0D90-40DF-BC14-71810793EAD3}.Debug|Any CPU.Build.0 = Debug|Any CPU
		{8528B9F2-0D90-40DF-BC14-71810793EAD3}.Release|Any CPU.ActiveCfg = Release|Any CPU
		{8528B9F2-0D90-40DF-BC14-71810793EAD3}.Release|Any CPU.Build.0 = Release|Any CPU
	EndGlobalSection
	GlobalSection(SolutionProperties) = preSolution
		HideSolutionNode = FALSE
	EndGlobalSection
	GlobalSection(ExtensibilityGlobals) = postSolution
		SolutionGuid = {B6D20C59-0185-4E83-AF56-17A78E2D173A}
	EndGlobalSection
EndGlobal
